Microsoft Visual Studio Solution File, Format Version 11.00
# Visual Studio 2008

Project("{AECE9DBE-8CF8-4FC2-64AE-0104944FB7BE}") = "Assignment-2-space-invaders", "Assembly-UnityScript.unityproj", "{1E8792A5-43D5-5225-C5B4-5B11A1879BCB}"
EndProject
Global
	GlobalSection(SolutionConfigurationPlatforms) = preSolution
		Debug|Any CPU = Debug|Any CPU
		Release|Any CPU = Release|Any CPU
	EndGlobalSection
	GlobalSection(ProjectConfigurationPlatforms) = postSolution
		{1E8792A5-43D5-5225-C5B4-5B11A1879BCB}.Debug|Any CPU.ActiveCfg = Debug|Any CPU
		{1E8792A5-43D5-5225-C5B4-5B11A1879BCB}.Debug|Any CPU.Build.0 = Debug|Any CPU
		{1E8792A5-43D5-5225-C5B4-5B11A1879BCB}.Release|Any CPU.ActiveCfg = Release|Any CPU
		{1E8792A5-43D5-5225-C5B4-5B11A1879BCB}.Release|Any CPU.Build.0 = Release|Any CPU
	EndGlobalSection
	GlobalSection(SolutionProperties) = preSolution
		HideSolutionNode = FALSE
	EndGlobalSection
		GlobalSection(MonoDevelopProperties) = preSolution
		StartupItem = Assembly-CSharp.csproj
		Policies = $0
		$0.TextStylePolicy = $1
		$1.inheritsSet = null
		$1.scope = text/x-csharp
		$0.CSharpFormattingPolicy = $2
		$2.inheritsSet = Mono
		$2.inheritsScope = text/x-csharp
		$2.scope = text/x-csharp
		$0.TextStylePolicy = $3
		$3.FileWidth = 120
		$3.TabWidth = 4
		$3.EolMarker = Unix
		$3.inheritsSet = Mono
		$3.inheritsScope = text/plain
		$3.scope = text/plain
	EndGlobalSection

EndGlobal
